
Microsoft Visual Studio Solution File, Format Version 12.00
# Visual Studio Version 17
VisualStudioVersion = 17.1.32328.378
MinimumVisualStudioVersion = 10.0.40219.1
Project("{FAE04EC0-301F-11D3-BF4B-00C04F79EFBC}") = "BlazorWebAsemblyDemo", "BlazorWebAsemblyDemo.csproj", "{D515AA42-E43A-4256-8CE9-C50E3FE9F221}"
EndProject
Global
	GlobalSection(SolutionConfigurationPlatforms) = preSolution
		Debug|Any CPU = Debug|Any CPU
		Release|Any CPU = Release|Any CPU
	EndGlobalSection
	GlobalSection(ProjectConfigurationPlatforms) = postSolution
		{D515AA42-E43A-4256-8CE9-C50E3FE9F221}.Debug|Any CPU.ActiveCfg = Debug|Any CPU
		{D515AA42-E43A-4256-8CE9-C50E3FE9F221}.Debug|Any CPU.Build.0 = Debug|Any CPU
		{D515AA42-E43A-4256-8CE9-C50E3FE9F221}.Release|Any CPU.ActiveCfg = Release|Any CPU
		{D515AA42-E43A-4256-8CE9-C50E3FE9F221}.Release|Any CPU.Build.0 = Release|Any CPU
	EndGlobalSection
	GlobalSection(SolutionProperties) = preSolution
		HideSolutionNode = FALSE
	EndGlobalSection
	GlobalSection(ExtensibilityGlobals) = postSolution
		SolutionGuid = {609E8324-2751-41D0-B769-FA8296984C38}
	EndGlobalSection
EndGlobal
